
Microsoft Visual Studio Solution File, Format Version 12.00
# Visual Studio Version 17
VisualStudioVersion = 17.0.31903.59
MinimumVisualStudioVersion = 10.0.40219.1
Project("{FAE04EC0-301F-11D3-BF4B-00C04F79EFBC}") = "Text", "Text\Text.csproj", "{70CEA15A-0218-4A62-A5CB-56813A01013A}"
EndProject
Project("{FAE04EC0-301F-11D3-BF4B-00C04F79EFBC}") = "Text.Tests", "Text.Tests\Text.Tests.csproj", "{80A28CA5-2B92-45FE-8480-A70BA8782D95}"
EndProject
Global
	GlobalSection(SolutionConfigurationPlatforms) = preSolution
		Debug|Any CPU = Debug|Any CPU
		Release|Any CPU = Release|Any CPU
	EndGlobalSection
	GlobalSection(SolutionProperties) = preSolution
		HideSolutionNode = FALSE
	EndGlobalSection
	GlobalSection(ProjectConfigurationPlatforms) = postSolution
		{70CEA15A-0218-4A62-A5CB-56813A01013A}.Debug|Any CPU.ActiveCfg = Debug|Any CPU
		{70CEA15A-0218-4A62-A5CB-56813A01013A}.Debug|Any CPU.Build.0 = Debug|Any CPU
		{70CEA15A-0218-4A62-A5CB-56813A01013A}.Release|Any CPU.ActiveCfg = Release|Any CPU
		{70CEA15A-0218-4A62-A5CB-56813A01013A}.Release|Any CPU.Build.0 = Release|Any CPU
		{80A28CA5-2B92-45FE-8480-A70BA8782D95}.Debug|Any CPU.ActiveCfg = Debug|Any CPU
		{80A28CA5-2B92-45FE-8480-A70BA8782D95}.Debug|Any CPU.Build.0 = Debug|Any CPU
		{80A28CA5-2B92-45FE-8480-A70BA8782D95}.Release|Any CPU.ActiveCfg = Release|Any CPU
		{80A28CA5-2B92-45FE-8480-A70BA8782D95}.Release|Any CPU.Build.0 = Release|Any CPU
	EndGlobalSection
EndGlobal
